
Microsoft Visual Studio Solution File, Format Version 12.00
# Visual Studio Version 16
VisualStudioVersion = 16.0.31911.196
MinimumVisualStudioVersion = 10.0.40219.1
Project("{FAE04EC0-301F-11D3-BF4B-00C04F79EFBC}") = "ConsoleApp12", "ConsoleApp12\ConsoleApp12.csproj", "{6740AFAF-0A48-40C6-AE3D-37F2341E56BF}"
EndProject
Global
	GlobalSection(SolutionConfigurationPlatforms) = preSolution
		Debug|Any CPU = Debug|Any CPU
		Release|Any CPU = Release|Any CPU
	EndGlobalSection
	GlobalSection(ProjectConfigurationPlatforms) = postSolution
		{6740AFAF-0A48-40C6-AE3D-37F2341E56BF}.Debug|Any CPU.ActiveCfg = Debug|Any CPU
		{6740AFAF-0A48-40C6-AE3D-37F2341E56BF}.Debug|Any CPU.Build.0 = Debug|Any CPU
		{6740AFAF-0A48-40C6-AE3D-37F2341E56BF}.Release|Any CPU.ActiveCfg = Release|Any CPU
		{6740AFAF-0A48-40C6-AE3D-37F2341E56BF}.Release|Any CPU.Build.0 = Release|Any CPU
	EndGlobalSection
	GlobalSection(SolutionProperties) = preSolution
		HideSolutionNode = FALSE
	EndGlobalSection
	GlobalSection(ExtensibilityGlobals) = postSolution
		SolutionGuid = {5016976D-9E20-4F3B-8DC9-4AD07D3110EF}
	EndGlobalSection
EndGlobal
