
Microsoft Visual Studio Solution File, Format Version 12.00
# Visual Studio Version 17
VisualStudioVersion = 17.2.32630.192
MinimumVisualStudioVersion = 10.0.40219.1
Project("{FAE04EC0-301F-11D3-BF4B-00C04F79EFBC}") = "WindowsFormsApp10", "WindowsFormsApp10\WindowsFormsApp10.csproj", "{56B24ED8-0E2E-4F1A-9358-3ECF2E07ADA5}"
EndProject
Global
	GlobalSection(SolutionConfigurationPlatforms) = preSolution
		Debug|Any CPU = Debug|Any CPU
		Release|Any CPU = Release|Any CPU
	EndGlobalSection
	GlobalSection(ProjectConfigurationPlatforms) = postSolution
		{56B24ED8-0E2E-4F1A-9358-3ECF2E07ADA5}.Debug|Any CPU.ActiveCfg = Debug|Any CPU
		{56B24ED8-0E2E-4F1A-9358-3ECF2E07ADA5}.Debug|Any CPU.Build.0 = Debug|Any CPU
		{56B24ED8-0E2E-4F1A-9358-3ECF2E07ADA5}.Release|Any CPU.ActiveCfg = Release|Any CPU
		{56B24ED8-0E2E-4F1A-9358-3ECF2E07ADA5}.Release|Any CPU.Build.0 = Release|Any CPU
	EndGlobalSection
	GlobalSection(SolutionProperties) = preSolution
		HideSolutionNode = FALSE
	EndGlobalSection
	GlobalSection(ExtensibilityGlobals) = postSolution
		SolutionGuid = {10987EB9-2888-4E74-9371-D19D6E5C247E}
	EndGlobalSection
EndGlobal
