
Microsoft Visual Studio Solution File, Format Version 12.00
# Visual Studio Version 17
VisualStudioVersion = 17.0.32112.339
MinimumVisualStudioVersion = 10.0.40219.1
Project("{FAE04EC0-301F-11D3-BF4B-00C04F79EFBC}") = "ConsoleApp22", "ConsoleApp22\ConsoleApp22.csproj", "{C286578B-69E4-46E9-B8DD-17D3B8A8DEEC}"
EndProject
Global
	GlobalSection(SolutionConfigurationPlatforms) = preSolution
		Debug|Any CPU = Debug|Any CPU
		Release|Any CPU = Release|Any CPU
	EndGlobalSection
	GlobalSection(ProjectConfigurationPlatforms) = postSolution
		{C286578B-69E4-46E9-B8DD-17D3B8A8DEEC}.Debug|Any CPU.ActiveCfg = Debug|Any CPU
		{C286578B-69E4-46E9-B8DD-17D3B8A8DEEC}.Debug|Any CPU.Build.0 = Debug|Any CPU
		{C286578B-69E4-46E9-B8DD-17D3B8A8DEEC}.Release|Any CPU.ActiveCfg = Release|Any CPU
		{C286578B-69E4-46E9-B8DD-17D3B8A8DEEC}.Release|Any CPU.Build.0 = Release|Any CPU
	EndGlobalSection
	GlobalSection(SolutionProperties) = preSolution
		HideSolutionNode = FALSE
	EndGlobalSection
	GlobalSection(ExtensibilityGlobals) = postSolution
		SolutionGuid = {C13E7165-58B1-4CFE-B431-5F1200DC63F5}
	EndGlobalSection
EndGlobal
