
Microsoft Visual Studio Solution File, Format Version 12.00
# Visual Studio Version 17
VisualStudioVersion = 17.0.32112.339
MinimumVisualStudioVersion = 10.0.40219.1
Project("{FAE04EC0-301F-11D3-BF4B-00C04F79EFBC}") = "WindowsFormsApp7", "WindowsFormsApp7\WindowsFormsApp7.csproj", "{539240D6-D429-411A-9725-9A3D6ED45B17}"
EndProject
Global
	GlobalSection(SolutionConfigurationPlatforms) = preSolution
		Debug|Any CPU = Debug|Any CPU
		Release|Any CPU = Release|Any CPU
	EndGlobalSection
	GlobalSection(ProjectConfigurationPlatforms) = postSolution
		{539240D6-D429-411A-9725-9A3D6ED45B17}.Debug|Any CPU.ActiveCfg = Debug|Any CPU
		{539240D6-D429-411A-9725-9A3D6ED45B17}.Debug|Any CPU.Build.0 = Debug|Any CPU
		{539240D6-D429-411A-9725-9A3D6ED45B17}.Release|Any CPU.ActiveCfg = Release|Any CPU
		{539240D6-D429-411A-9725-9A3D6ED45B17}.Release|Any CPU.Build.0 = Release|Any CPU
	EndGlobalSection
	GlobalSection(SolutionProperties) = preSolution
		HideSolutionNode = FALSE
	EndGlobalSection
	GlobalSection(ExtensibilityGlobals) = postSolution
		SolutionGuid = {993BEF2B-6509-4CA9-A0D9-CC26FA56EE72}
	EndGlobalSection
EndGlobal
