
Microsoft Visual Studio Solution File, Format Version 12.00
# Visual Studio Version 17
VisualStudioVersion = 17.3.32804.467
MinimumVisualStudioVersion = 10.0.40219.1
Project("{FAE04EC0-301F-11D3-BF4B-00C04F79EFBC}") = "test2", "test2\test2.csproj", "{23084127-8FE4-4764-874A-0C11CA1E8FC8}"
EndProject
Global
	GlobalSection(SolutionConfigurationPlatforms) = preSolution
		Debug|Any CPU = Debug|Any CPU
		Release|Any CPU = Release|Any CPU
	EndGlobalSection
	GlobalSection(ProjectConfigurationPlatforms) = postSolution
		{23084127-8FE4-4764-874A-0C11CA1E8FC8}.Debug|Any CPU.ActiveCfg = Debug|Any CPU
		{23084127-8FE4-4764-874A-0C11CA1E8FC8}.Debug|Any CPU.Build.0 = Debug|Any CPU
		{23084127-8FE4-4764-874A-0C11CA1E8FC8}.Debug|Any CPU.Deploy.0 = Debug|Any CPU
		{23084127-8FE4-4764-874A-0C11CA1E8FC8}.Release|Any CPU.ActiveCfg = Release|Any CPU
		{23084127-8FE4-4764-874A-0C11CA1E8FC8}.Release|Any CPU.Build.0 = Release|Any CPU
		{23084127-8FE4-4764-874A-0C11CA1E8FC8}.Release|Any CPU.Deploy.0 = Release|Any CPU
	EndGlobalSection
	GlobalSection(SolutionProperties) = preSolution
		HideSolutionNode = FALSE
	EndGlobalSection
	GlobalSection(ExtensibilityGlobals) = postSolution
		SolutionGuid = {74A09963-5A82-4767-ABF2-93D92E76C9E6}
	EndGlobalSection
EndGlobal
