
Microsoft Visual Studio Solution File, Format Version 12.00
# Visual Studio Version 16
VisualStudioVersion = 16.0.31727.386
MinimumVisualStudioVersion = 10.0.40219.1
Project("{FAE04EC0-301F-11D3-BF4B-00C04F79EFBC}") = "ConsoleApp5", "ConsoleApp5\ConsoleApp5.csproj", "{61FDA554-84F1-4A0F-BCE2-05D980FB5CF5}"
EndProject
Global
	GlobalSection(SolutionConfigurationPlatforms) = preSolution
		Debug|Any CPU = Debug|Any CPU
		Release|Any CPU = Release|Any CPU
	EndGlobalSection
	GlobalSection(ProjectConfigurationPlatforms) = postSolution
		{61FDA554-84F1-4A0F-BCE2-05D980FB5CF5}.Debug|Any CPU.ActiveCfg = Debug|Any CPU
		{61FDA554-84F1-4A0F-BCE2-05D980FB5CF5}.Debug|Any CPU.Build.0 = Debug|Any CPU
		{61FDA554-84F1-4A0F-BCE2-05D980FB5CF5}.Release|Any CPU.ActiveCfg = Release|Any CPU
		{61FDA554-84F1-4A0F-BCE2-05D980FB5CF5}.Release|Any CPU.Build.0 = Release|Any CPU
	EndGlobalSection
	GlobalSection(SolutionProperties) = preSolution
		HideSolutionNode = FALSE
	EndGlobalSection
	GlobalSection(ExtensibilityGlobals) = postSolution
		SolutionGuid = {FFC5E896-99C2-4176-B8D4-15645734AE08}
	EndGlobalSection
EndGlobal
